
Microsoft Visual Studio Solution File, Format Version 12.00
# Visual Studio Version 17
VisualStudioVersion = 17.5.33414.496
MinimumVisualStudioVersion = 10.0.40219.1
Project("{FAE04EC0-301F-11D3-BF4B-00C04F79EFBC}") = "Contactus1", "Contactus1\Contactus1.csproj", "{B6EEE92D-5559-4BCC-B2F7-73602E5152BA}"
EndProject
Global
	GlobalSection(SolutionConfigurationPlatforms) = preSolution
		Debug|Any CPU = Debug|Any CPU
		Release|Any CPU = Release|Any CPU
	EndGlobalSection
	GlobalSection(ProjectConfigurationPlatforms) = postSolution
		{B6EEE92D-5559-4BCC-B2F7-73602E5152BA}.Debug|Any CPU.ActiveCfg = Debug|Any CPU
		{B6EEE92D-5559-4BCC-B2F7-73602E5152BA}.Debug|Any CPU.Build.0 = Debug|Any CPU
		{B6EEE92D-5559-4BCC-B2F7-73602E5152BA}.Release|Any CPU.ActiveCfg = Release|Any CPU
		{B6EEE92D-5559-4BCC-B2F7-73602E5152BA}.Release|Any CPU.Build.0 = Release|Any CPU
	EndGlobalSection
	GlobalSection(SolutionProperties) = preSolution
		HideSolutionNode = FALSE
	EndGlobalSection
	GlobalSection(ExtensibilityGlobals) = postSolution
		SolutionGuid = {1C52556F-7E48-4C8E-B573-359586C04BF5}
	EndGlobalSection
EndGlobal
